<Solution>
  <Project Path="src/ClinicFlow.API/ClinicFlow.API.csproj" />
  <Project Path="src/ClinicFlow.Application/ClinicFlow.Application.csproj" />
  <Project Path="src/ClinicFlow.Domain/ClinicFlow.Domain.csproj" />
  <Project Path="src/ClinicFlow.Infrastructure/ClinicFlow.Infrastructure.csproj" />
  <Project Path="tests/ClinicFlow.Tests/ClinicFlow.Tests.csproj" />
</Solution>
